
Microsoft Visual Studio Solution File, Format Version 12.00
# Visual Studio 15
VisualStudioVersion = 15.0.28307.902
MinimumVisualStudioVersion = 10.0.40219.1
Project("{FAE04EC0-301F-11D3-BF4B-00C04F79EFBC}") = "tictactoe", "tictactoe\tictactoe.csproj", "{EEA26644-5208-49E6-9A6E-50BCF92FBC7B}"
EndProject
Global
	GlobalSection(SolutionConfigurationPlatforms) = preSolution
		Debug|Any CPU = Debug|Any CPU
		Release|Any CPU = Release|Any CPU
	EndGlobalSection
	GlobalSection(ProjectConfigurationPlatforms) = postSolution
		{EEA26644-5208-49E6-9A6E-50BCF92FBC7B}.Debug|Any CPU.ActiveCfg = Debug|Any CPU
		{EEA26644-5208-49E6-9A6E-50BCF92FBC7B}.Debug|Any CPU.Build.0 = Debug|Any CPU
		{EEA26644-5208-49E6-9A6E-50BCF92FBC7B}.Release|Any CPU.ActiveCfg = Release|Any CPU
		{EEA26644-5208-49E6-9A6E-50BCF92FBC7B}.Release|Any CPU.Build.0 = Release|Any CPU
	EndGlobalSection
	GlobalSection(SolutionProperties) = preSolution
		HideSolutionNode = FALSE
	EndGlobalSection
	GlobalSection(ExtensibilityGlobals) = postSolution
		SolutionGuid = {C8FED9DE-24C7-4825-9E98-FF753CED5C52}
	EndGlobalSection
EndGlobal
